
Microsoft Visual Studio Solution File, Format Version 12.00
# Visual Studio Version 17
VisualStudioVersion = 17.14.36212.18
MinimumVisualStudioVersion = 10.0.40219.1
Project("{FAE04EC0-301F-11D3-BF4B-00C04F79EFBC}") = "YurtOtomasyon.UI.WinForms", "YurtOtomasyon.UI.WinForms\YurtOtomasyon.UI.WinForms.csproj", "{8601A3AE-7E6E-40F3-8BBC-32870A353236}"
EndProject
Project("{FAE04EC0-301F-11D3-BF4B-00C04F79EFBC}") = "YurtOtomasyon.DataAccess", "YurtOtomasyon.DataAccess\YurtOtomasyon.DataAccess.csproj", "{4E6C63DB-C490-452A-B3F0-2749E15B878E}"
EndProject
Project("{FAE04EC0-301F-11D3-BF4B-00C04F79EFBC}") = "YurtOtomasyon.Business", "YurtOtomasyon.Business\YurtOtomasyon.Business.csproj", "{4267962C-C4F5-44B7-B0D6-3C554E684B71}"
EndProject
Global
	GlobalSection(SolutionConfigurationPlatforms) = preSolution
		Debug|Any CPU = Debug|Any CPU
		Release|Any CPU = Release|Any CPU
	EndGlobalSection
	GlobalSection(ProjectConfigurationPlatforms) = postSolution
		{8601A3AE-7E6E-40F3-8BBC-32870A353236}.Debug|Any CPU.ActiveCfg = Debug|Any CPU
		{8601A3AE-7E6E-40F3-8BBC-32870A353236}.Debug|Any CPU.Build.0 = Debug|Any CPU
		{8601A3AE-7E6E-40F3-8BBC-32870A353236}.Release|Any CPU.ActiveCfg = Release|Any CPU
		{8601A3AE-7E6E-40F3-8BBC-32870A353236}.Release|Any CPU.Build.0 = Release|Any CPU
		{4E6C63DB-C490-452A-B3F0-2749E15B878E}.Debug|Any CPU.ActiveCfg = Debug|Any CPU
		{4E6C63DB-C490-452A-B3F0-2749E15B878E}.Debug|Any CPU.Build.0 = Debug|Any CPU
		{4E6C63DB-C490-452A-B3F0-2749E15B878E}.Release|Any CPU.ActiveCfg = Release|Any CPU
		{4E6C63DB-C490-452A-B3F0-2749E15B878E}.Release|Any CPU.Build.0 = Release|Any CPU
		{4267962C-C4F5-44B7-B0D6-3C554E684B71}.Debug|Any CPU.ActiveCfg = Debug|Any CPU
		{4267962C-C4F5-44B7-B0D6-3C554E684B71}.Debug|Any CPU.Build.0 = Debug|Any CPU
		{4267962C-C4F5-44B7-B0D6-3C554E684B71}.Release|Any CPU.ActiveCfg = Release|Any CPU
		{4267962C-C4F5-44B7-B0D6-3C554E684B71}.Release|Any CPU.Build.0 = Release|Any CPU
	EndGlobalSection
	GlobalSection(SolutionProperties) = preSolution
		HideSolutionNode = FALSE
	EndGlobalSection
	GlobalSection(ExtensibilityGlobals) = postSolution
		SolutionGuid = {2A4ACC98-9354-4433-8432-86D8AA90F30C}
	EndGlobalSection
EndGlobal
